
Microsoft Visual Studio Solution File, Format Version 12.00
# Visual Studio 14
VisualStudioVersion = 14.0.25420.1
MinimumVisualStudioVersion = 10.0.40219.1
Project("{FAE04EC0-301F-11D3-BF4B-00C04F79EFBC}") = "Audit.UI", "Audit.UI\Audit.UI.csproj", "{656670C0-4803-48A0-9E2D-F743EC03B63E}"
EndProject
Project("{FAE04EC0-301F-11D3-BF4B-00C04F79EFBC}") = "Audit.Data", "Audit.Data\Audit.Data.csproj", "{4CC62DAE-A66A-4DF8-9BEB-2139E604D46B}"
EndProject
Project("{2150E333-8FDC-42A3-9474-1A3956D46DE8}") = "Modules", "Modules", "{5D5F6E11-DC7A-48F1-B57B-0D58E9F0A988}"
EndProject
Project("{FAE04EC0-301F-11D3-BF4B-00C04F79EFBC}") = "FileSelect", "FileSelect\FileSelect.csproj", "{1DFCA9D6-19A1-4C24-8292-089024291198}"
EndProject
Project("{FAE04EC0-301F-11D3-BF4B-00C04F79EFBC}") = "PositionConfig", "PositionConfig\PositionConfig.csproj", "{794390E2-C53C-4532-A07C-3D9A85C535C4}"
EndProject
Project("{FAE04EC0-301F-11D3-BF4B-00C04F79EFBC}") = "UserAlias", "UserAlias\UserAlias.csproj", "{5D702286-65AE-4E84-9972-58305FE92AA3}"
EndProject
Project("{FAE04EC0-301F-11D3-BF4B-00C04F79EFBC}") = "Audit.Infra", "Infrastructure\Audit.Infra.csproj", "{D56A7C59-5723-4DA8-80BB-B9138018927B}"
EndProject
Project("{FAE04EC0-301F-11D3-BF4B-00C04F79EFBC}") = "Audit.UnitTests", "Audit.UnitTests\Audit.UnitTests.csproj", "{A0268783-8687-40A3-8E22-0BCDC402B61D}"
EndProject
Project("{FAE04EC0-301F-11D3-BF4B-00C04F79EFBC}") = "Audit.IntegrationTests", "Audit.IntegrationTests\Audit.IntegrationTests.csproj", "{9FEC4A13-AE9E-4B9C-90CB-BBF1B58328E0}"
EndProject
Global
	GlobalSection(SolutionConfigurationPlatforms) = preSolution
		Debug|Any CPU = Debug|Any CPU
		Debug|x64 = Debug|x64
		Debug|x86 = Debug|x86
		Release|Any CPU = Release|Any CPU
		Release|x64 = Release|x64
		Release|x86 = Release|x86
	EndGlobalSection
	GlobalSection(ProjectConfigurationPlatforms) = postSolution
		{656670C0-4803-48A0-9E2D-F743EC03B63E}.Debug|Any CPU.ActiveCfg = Debug|Any CPU
		{656670C0-4803-48A0-9E2D-F743EC03B63E}.Debug|Any CPU.Build.0 = Debug|Any CPU
		{656670C0-4803-48A0-9E2D-F743EC03B63E}.Debug|x64.ActiveCfg = Debug|Any CPU
		{656670C0-4803-48A0-9E2D-F743EC03B63E}.Debug|x64.Build.0 = Debug|Any CPU
		{656670C0-4803-48A0-9E2D-F743EC03B63E}.Debug|x86.ActiveCfg = Debug|Any CPU
		{656670C0-4803-48A0-9E2D-F743EC03B63E}.Debug|x86.Build.0 = Debug|Any CPU
		{656670C0-4803-48A0-9E2D-F743EC03B63E}.Release|Any CPU.ActiveCfg = Release|Any CPU
		{656670C0-4803-48A0-9E2D-F743EC03B63E}.Release|Any CPU.Build.0 = Release|Any CPU
		{656670C0-4803-48A0-9E2D-F743EC03B63E}.Release|x64.ActiveCfg = Release|Any CPU
		{656670C0-4803-48A0-9E2D-F743EC03B63E}.Release|x64.Build.0 = Release|Any CPU
		{656670C0-4803-48A0-9E2D-F743EC03B63E}.Release|x86.ActiveCfg = Release|Any CPU
		{656670C0-4803-48A0-9E2D-F743EC03B63E}.Release|x86.Build.0 = Release|Any CPU
		{4CC62DAE-A66A-4DF8-9BEB-2139E604D46B}.Debug|Any CPU.ActiveCfg = Debug|Any CPU
		{4CC62DAE-A66A-4DF8-9BEB-2139E604D46B}.Debug|Any CPU.Build.0 = Debug|Any CPU
		{4CC62DAE-A66A-4DF8-9BEB-2139E604D46B}.Debug|x64.ActiveCfg = Debug|Any CPU
		{4CC62DAE-A66A-4DF8-9BEB-2139E604D46B}.Debug|x64.Build.0 = Debug|Any CPU
		{4CC62DAE-A66A-4DF8-9BEB-2139E604D46B}.Debug|x86.ActiveCfg = Debug|Any CPU
		{4CC62DAE-A66A-4DF8-9BEB-2139E604D46B}.Debug|x86.Build.0 = Debug|Any CPU
		{4CC62DAE-A66A-4DF8-9BEB-2139E604D46B}.Release|Any CPU.ActiveCfg = Release|Any CPU
		{4CC62DAE-A66A-4DF8-9BEB-2139E604D46B}.Release|Any CPU.Build.0 = Release|Any CPU
		{4CC62DAE-A66A-4DF8-9BEB-2139E604D46B}.Release|x64.ActiveCfg = Release|Any CPU
		{4CC62DAE-A66A-4DF8-9BEB-2139E604D46B}.Release|x64.Build.0 = Release|Any CPU
		{4CC62DAE-A66A-4DF8-9BEB-2139E604D46B}.Release|x86.ActiveCfg = Release|Any CPU
		{4CC62DAE-A66A-4DF8-9BEB-2139E604D46B}.Release|x86.Build.0 = Release|Any CPU
		{1DFCA9D6-19A1-4C24-8292-089024291198}.Debug|Any CPU.ActiveCfg = Debug|Any CPU
		{1DFCA9D6-19A1-4C24-8292-089024291198}.Debug|Any CPU.Build.0 = Debug|Any CPU
		{1DFCA9D6-19A1-4C24-8292-089024291198}.Debug|x64.ActiveCfg = Debug|Any CPU
		{1DFCA9D6-19A1-4C24-8292-089024291198}.Debug|x64.Build.0 = Debug|Any CPU
		{1DFCA9D6-19A1-4C24-8292-089024291198}.Debug|x86.ActiveCfg = Debug|Any CPU
		{1DFCA9D6-19A1-4C24-8292-089024291198}.Debug|x86.Build.0 = Debug|Any CPU
		{1DFCA9D6-19A1-4C24-8292-089024291198}.Release|Any CPU.ActiveCfg = Release|Any CPU
		{1DFCA9D6-19A1-4C24-8292-089024291198}.Release|Any CPU.Build.0 = Release|Any CPU
		{1DFCA9D6-19A1-4C24-8292-089024291198}.Release|x64.ActiveCfg = Release|Any CPU
		{1DFCA9D6-19A1-4C24-8292-089024291198}.Release|x64.Build.0 = Release|Any CPU
		{1DFCA9D6-19A1-4C24-8292-089024291198}.Release|x86.ActiveCfg = Release|Any CPU
		{1DFCA9D6-19A1-4C24-8292-089024291198}.Release|x86.Build.0 = Release|Any CPU
		{794390E2-C53C-4532-A07C-3D9A85C535C4}.Debug|Any CPU.ActiveCfg = Debug|Any CPU
		{794390E2-C53C-4532-A07C-3D9A85C535C4}.Debug|Any CPU.Build.0 = Debug|Any CPU
		{794390E2-C53C-4532-A07C-3D9A85C535C4}.Debug|x64.ActiveCfg = Debug|Any CPU
		{794390E2-C53C-4532-A07C-3D9A85C535C4}.Debug|x64.Build.0 = Debug|Any CPU
		{794390E2-C53C-4532-A07C-3D9A85C535C4}.Debug|x86.ActiveCfg = Debug|Any CPU
		{794390E2-C53C-4532-A07C-3D9A85C535C4}.Debug|x86.Build.0 = Debug|Any CPU
		{794390E2-C53C-4532-A07C-3D9A85C535C4}.Release|Any CPU.ActiveCfg = Release|Any CPU
		{794390E2-C53C-4532-A07C-3D9A85C535C4}.Release|Any CPU.Build.0 = Release|Any CPU
		{794390E2-C53C-4532-A07C-3D9A85C535C4}.Release|x64.ActiveCfg = Release|Any CPU
		{794390E2-C53C-4532-A07C-3D9A85C535C4}.Release|x64.Build.0 = Release|Any CPU
		{794390E2-C53C-4532-A07C-3D9A85C535C4}.Release|x86.ActiveCfg = Release|Any CPU
		{794390E2-C53C-4532-A07C-3D9A85C535C4}.Release|x86.Build.0 = Release|Any CPU
		{5D702286-65AE-4E84-9972-58305FE92AA3}.Debug|Any CPU.ActiveCfg = Debug|Any CPU
		{5D702286-65AE-4E84-9972-58305FE92AA3}.Debug|Any CPU.Build.0 = Debug|Any CPU
		{5D702286-65AE-4E84-9972-58305FE92AA3}.Debug|x64.ActiveCfg = Debug|Any CPU
		{5D702286-65AE-4E84-9972-58305FE92AA3}.Debug|x64.Build.0 = Debug|Any CPU
		{5D702286-65AE-4E84-9972-58305FE92AA3}.Debug|x86.ActiveCfg = Debug|Any CPU
		{5D702286-65AE-4E84-9972-58305FE92AA3}.Debug|x86.Build.0 = Debug|Any CPU
		{5D702286-65AE-4E84-9972-58305FE92AA3}.Release|Any CPU.ActiveCfg = Release|Any CPU
		{5D702286-65AE-4E84-9972-58305FE92AA3}.Release|Any CPU.Build.0 = Release|Any CPU
		{5D702286-65AE-4E84-9972-58305FE92AA3}.Release|x64.ActiveCfg = Release|Any CPU
		{5D702286-65AE-4E84-9972-58305FE92AA3}.Release|x64.Build.0 = Release|Any CPU
		{5D702286-65AE-4E84-9972-58305FE92AA3}.Release|x86.ActiveCfg = Release|Any CPU
		{5D702286-65AE-4E84-9972-58305FE92AA3}.Release|x86.Build.0 = Release|Any CPU
		{D56A7C59-5723-4DA8-80BB-B9138018927B}.Debug|Any CPU.ActiveCfg = Debug|Any CPU
		{D56A7C59-5723-4DA8-80BB-B9138018927B}.Debug|Any CPU.Build.0 = Debug|Any CPU
		{D56A7C59-5723-4DA8-80BB-B9138018927B}.Debug|x64.ActiveCfg = Debug|Any CPU
		{D56A7C59-5723-4DA8-80BB-B9138018927B}.Debug|x64.Build.0 = Debug|Any CPU
		{D56A7C59-5723-4DA8-80BB-B9138018927B}.Debug|x86.ActiveCfg = Debug|Any CPU
		{D56A7C59-5723-4DA8-80BB-B9138018927B}.Debug|x86.Build.0 = Debug|Any CPU
		{D56A7C59-5723-4DA8-80BB-B9138018927B}.Release|Any CPU.ActiveCfg = Release|Any CPU
		{D56A7C59-5723-4DA8-80BB-B9138018927B}.Release|Any CPU.Build.0 = Release|Any CPU
		{D56A7C59-5723-4DA8-80BB-B9138018927B}.Release|x64.ActiveCfg = Release|Any CPU
		{D56A7C59-5723-4DA8-80BB-B9138018927B}.Release|x64.Build.0 = Release|Any CPU
		{D56A7C59-5723-4DA8-80BB-B9138018927B}.Release|x86.ActiveCfg = Release|Any CPU
		{D56A7C59-5723-4DA8-80BB-B9138018927B}.Release|x86.Build.0 = Release|Any CPU
		{A0268783-8687-40A3-8E22-0BCDC402B61D}.Debug|Any CPU.ActiveCfg = Debug|Any CPU
		{A0268783-8687-40A3-8E22-0BCDC402B61D}.Debug|Any CPU.Build.0 = Debug|Any CPU
		{A0268783-8687-40A3-8E22-0BCDC402B61D}.Debug|x64.ActiveCfg = Debug|Any CPU
		{A0268783-8687-40A3-8E22-0BCDC402B61D}.Debug|x64.Build.0 = Debug|Any CPU
		{A0268783-8687-40A3-8E22-0BCDC402B61D}.Debug|x86.ActiveCfg = Debug|Any CPU
		{A0268783-8687-40A3-8E22-0BCDC402B61D}.Debug|x86.Build.0 = Debug|Any CPU
		{A0268783-8687-40A3-8E22-0BCDC402B61D}.Release|Any CPU.ActiveCfg = Release|Any CPU
		{A0268783-8687-40A3-8E22-0BCDC402B61D}.Release|Any CPU.Build.0 = Release|Any CPU
		{A0268783-8687-40A3-8E22-0BCDC402B61D}.Release|x64.ActiveCfg = Release|Any CPU
		{A0268783-8687-40A3-8E22-0BCDC402B61D}.Release|x64.Build.0 = Release|Any CPU
		{A0268783-8687-40A3-8E22-0BCDC402B61D}.Release|x86.ActiveCfg = Release|Any CPU
		{A0268783-8687-40A3-8E22-0BCDC402B61D}.Release|x86.Build.0 = Release|Any CPU
		{9FEC4A13-AE9E-4B9C-90CB-BBF1B58328E0}.Debug|Any CPU.ActiveCfg = Debug|Any CPU
		{9FEC4A13-AE9E-4B9C-90CB-BBF1B58328E0}.Debug|Any CPU.Build.0 = Debug|Any CPU
		{9FEC4A13-AE9E-4B9C-90CB-BBF1B58328E0}.Debug|x64.ActiveCfg = Debug|Any CPU
		{9FEC4A13-AE9E-4B9C-90CB-BBF1B58328E0}.Debug|x64.Build.0 = Debug|Any CPU
		{9FEC4A13-AE9E-4B9C-90CB-BBF1B58328E0}.Debug|x86.ActiveCfg = Debug|Any CPU
		{9FEC4A13-AE9E-4B9C-90CB-BBF1B58328E0}.Debug|x86.Build.0 = Debug|Any CPU
		{9FEC4A13-AE9E-4B9C-90CB-BBF1B58328E0}.Release|Any CPU.ActiveCfg = Release|Any CPU
		{9FEC4A13-AE9E-4B9C-90CB-BBF1B58328E0}.Release|Any CPU.Build.0 = Release|Any CPU
		{9FEC4A13-AE9E-4B9C-90CB-BBF1B58328E0}.Release|x64.ActiveCfg = Release|Any CPU
		{9FEC4A13-AE9E-4B9C-90CB-BBF1B58328E0}.Release|x64.Build.0 = Release|Any CPU
		{9FEC4A13-AE9E-4B9C-90CB-BBF1B58328E0}.Release|x86.ActiveCfg = Release|Any CPU
		{9FEC4A13-AE9E-4B9C-90CB-BBF1B58328E0}.Release|x86.Build.0 = Release|Any CPU
	EndGlobalSection
	GlobalSection(SolutionProperties) = preSolution
		HideSolutionNode = FALSE
	EndGlobalSection
	GlobalSection(NestedProjects) = preSolution
		{1DFCA9D6-19A1-4C24-8292-089024291198} = {5D5F6E11-DC7A-48F1-B57B-0D58E9F0A988}
		{794390E2-C53C-4532-A07C-3D9A85C535C4} = {5D5F6E11-DC7A-48F1-B57B-0D58E9F0A988}
		{5D702286-65AE-4E84-9972-58305FE92AA3} = {5D5F6E11-DC7A-48F1-B57B-0D58E9F0A988}
	EndGlobalSection
EndGlobal
